
Microsoft Visual Studio Solution File, Format Version 12.00
# Visual Studio Version 17
VisualStudioVersion = 17.1.32328.378
MinimumVisualStudioVersion = 10.0.40219.1
Project("{2150E333-8FDC-42A3-9474-1A3956D46DE8}") = "APIGateway", "APIGateway", "{9F8E7515-39A5-4BCF-959E-9D2B0EC88539}"
EndProject
Project("{2150E333-8FDC-42A3-9474-1A3956D46DE8}") = "Services", "Services", "{4F14488B-0ABF-4AF3-A628-25E24006E8CC}"
EndProject
Project("{2150E333-8FDC-42A3-9474-1A3956D46DE8}") = "Tests", "Tests", "{C9FA8734-8009-4171-B167-3F8671BBB5BF}"
EndProject
Project("{9A19103F-16F7-4668-BE54-9A1E7A4F7556}") = "Account", "Account\Account.csproj", "{53D3D7D3-2AD2-4217-B4B4-DE29DA280B9B}"
EndProject
Project("{9A19103F-16F7-4668-BE54-9A1E7A4F7556}") = "Transaction", "Transaction\Transaction.csproj", "{7C07AD8D-DDDD-4B03-953F-80F72DEF78D0}"
EndProject
Project("{9A19103F-16F7-4668-BE54-9A1E7A4F7556}") = "APIGateway", "APIGateway\APIGateway.csproj", "{8BFB6231-797A-45CD-9FC2-3D8582C483D5}"
EndProject
Project("{9A19103F-16F7-4668-BE54-9A1E7A4F7556}") = "Account.Tests", "Account.Tests\Account.Tests.csproj", "{8D82F417-8216-457A-9CEA-0C7FA4795E92}"
EndProject
Project("{9A19103F-16F7-4668-BE54-9A1E7A4F7556}") = "TestFunctions", "TestFunctions\TestFunctions.csproj", "{63FABF5A-BDE5-44BA-8A7F-24DFD7CC93C9}"
EndProject
Project("{FAE04EC0-301F-11D3-BF4B-00C04F79EFBC}") = "IdentitServer", "IdentitServer\IdentitServer.csproj", "{AE463BA0-50B9-44B5-A3EE-55976024C398}"
EndProject
Global
	GlobalSection(SolutionConfigurationPlatforms) = preSolution
		Debug|Any CPU = Debug|Any CPU
		Release|Any CPU = Release|Any CPU
	EndGlobalSection
	GlobalSection(ProjectConfigurationPlatforms) = postSolution
		{53D3D7D3-2AD2-4217-B4B4-DE29DA280B9B}.Debug|Any CPU.ActiveCfg = Debug|Any CPU
		{53D3D7D3-2AD2-4217-B4B4-DE29DA280B9B}.Debug|Any CPU.Build.0 = Debug|Any CPU
		{53D3D7D3-2AD2-4217-B4B4-DE29DA280B9B}.Release|Any CPU.ActiveCfg = Release|Any CPU
		{53D3D7D3-2AD2-4217-B4B4-DE29DA280B9B}.Release|Any CPU.Build.0 = Release|Any CPU
		{7C07AD8D-DDDD-4B03-953F-80F72DEF78D0}.Debug|Any CPU.ActiveCfg = Debug|Any CPU
		{7C07AD8D-DDDD-4B03-953F-80F72DEF78D0}.Debug|Any CPU.Build.0 = Debug|Any CPU
		{7C07AD8D-DDDD-4B03-953F-80F72DEF78D0}.Release|Any CPU.ActiveCfg = Release|Any CPU
		{7C07AD8D-DDDD-4B03-953F-80F72DEF78D0}.Release|Any CPU.Build.0 = Release|Any CPU
		{8BFB6231-797A-45CD-9FC2-3D8582C483D5}.Debug|Any CPU.ActiveCfg = Debug|Any CPU
		{8BFB6231-797A-45CD-9FC2-3D8582C483D5}.Debug|Any CPU.Build.0 = Debug|Any CPU
		{8BFB6231-797A-45CD-9FC2-3D8582C483D5}.Release|Any CPU.ActiveCfg = Release|Any CPU
		{8BFB6231-797A-45CD-9FC2-3D8582C483D5}.Release|Any CPU.Build.0 = Release|Any CPU
		{8D82F417-8216-457A-9CEA-0C7FA4795E92}.Debug|Any CPU.ActiveCfg = Debug|Any CPU
		{8D82F417-8216-457A-9CEA-0C7FA4795E92}.Debug|Any CPU.Build.0 = Debug|Any CPU
		{8D82F417-8216-457A-9CEA-0C7FA4795E92}.Release|Any CPU.ActiveCfg = Release|Any CPU
		{8D82F417-8216-457A-9CEA-0C7FA4795E92}.Release|Any CPU.Build.0 = Release|Any CPU
		{63FABF5A-BDE5-44BA-8A7F-24DFD7CC93C9}.Debug|Any CPU.ActiveCfg = Debug|Any CPU
		{63FABF5A-BDE5-44BA-8A7F-24DFD7CC93C9}.Debug|Any CPU.Build.0 = Debug|Any CPU
		{63FABF5A-BDE5-44BA-8A7F-24DFD7CC93C9}.Release|Any CPU.ActiveCfg = Release|Any CPU
		{63FABF5A-BDE5-44BA-8A7F-24DFD7CC93C9}.Release|Any CPU.Build.0 = Release|Any CPU
		{AE463BA0-50B9-44B5-A3EE-55976024C398}.Debug|Any CPU.ActiveCfg = Debug|Any CPU
		{AE463BA0-50B9-44B5-A3EE-55976024C398}.Debug|Any CPU.Build.0 = Debug|Any CPU
		{AE463BA0-50B9-44B5-A3EE-55976024C398}.Release|Any CPU.ActiveCfg = Release|Any CPU
		{AE463BA0-50B9-44B5-A3EE-55976024C398}.Release|Any CPU.Build.0 = Release|Any CPU
	EndGlobalSection
	GlobalSection(SolutionProperties) = preSolution
		HideSolutionNode = FALSE
	EndGlobalSection
	GlobalSection(NestedProjects) = preSolution
		{53D3D7D3-2AD2-4217-B4B4-DE29DA280B9B} = {4F14488B-0ABF-4AF3-A628-25E24006E8CC}
		{7C07AD8D-DDDD-4B03-953F-80F72DEF78D0} = {4F14488B-0ABF-4AF3-A628-25E24006E8CC}
		{8BFB6231-797A-45CD-9FC2-3D8582C483D5} = {9F8E7515-39A5-4BCF-959E-9D2B0EC88539}
		{8D82F417-8216-457A-9CEA-0C7FA4795E92} = {C9FA8734-8009-4171-B167-3F8671BBB5BF}
		{63FABF5A-BDE5-44BA-8A7F-24DFD7CC93C9} = {C9FA8734-8009-4171-B167-3F8671BBB5BF}
		{AE463BA0-50B9-44B5-A3EE-55976024C398} = {4F14488B-0ABF-4AF3-A628-25E24006E8CC}
	EndGlobalSection
	GlobalSection(ExtensibilityGlobals) = postSolution
		SolutionGuid = {E99F7375-A0E5-4031-A779-C9BF245E471C}
	EndGlobalSection
EndGlobal
